
Microsoft Visual Studio Solution File, Format Version 12.00
# Visual Studio Version 16
VisualStudioVersion = 16.0.29806.167
MinimumVisualStudioVersion = 10.0.40219.1
Project("{9A19103F-16F7-4668-BE54-9A1E7A4F7556}") = "Ludo_Tests", "Ludo_Tests\Ludo_Tests.csproj", "{5DCDE67C-5BFE-4326-A388-97E93AE137E1}"
EndProject
Project("{9A19103F-16F7-4668-BE54-9A1E7A4F7556}") = "Ludo_Game_Console", "Ludo_Game_Console\Ludo_Game_Console.csproj", "{94EE824E-BFF1-4515-B54F-67895DF87BB0}"
EndProject
Global
	GlobalSection(SolutionConfigurationPlatforms) = preSolution
		Debug|Any CPU = Debug|Any CPU
		Release|Any CPU = Release|Any CPU
	EndGlobalSection
	GlobalSection(ProjectConfigurationPlatforms) = postSolution
		{5DCDE67C-5BFE-4326-A388-97E93AE137E1}.Debug|Any CPU.ActiveCfg = Debug|Any CPU
		{5DCDE67C-5BFE-4326-A388-97E93AE137E1}.Debug|Any CPU.Build.0 = Debug|Any CPU
		{5DCDE67C-5BFE-4326-A388-97E93AE137E1}.Release|Any CPU.ActiveCfg = Release|Any CPU
		{5DCDE67C-5BFE-4326-A388-97E93AE137E1}.Release|Any CPU.Build.0 = Release|Any CPU
		{94EE824E-BFF1-4515-B54F-67895DF87BB0}.Debug|Any CPU.ActiveCfg = Debug|Any CPU
		{94EE824E-BFF1-4515-B54F-67895DF87BB0}.Debug|Any CPU.Build.0 = Debug|Any CPU
		{94EE824E-BFF1-4515-B54F-67895DF87BB0}.Release|Any CPU.ActiveCfg = Release|Any CPU
		{94EE824E-BFF1-4515-B54F-67895DF87BB0}.Release|Any CPU.Build.0 = Release|Any CPU
	EndGlobalSection
	GlobalSection(SolutionProperties) = preSolution
		HideSolutionNode = FALSE
	EndGlobalSection
	GlobalSection(ExtensibilityGlobals) = postSolution
		SolutionGuid = {795378BC-AEDA-4B38-B52C-F7EE2E5A3704}
	EndGlobalSection
EndGlobal
